// !$*UTF8*$!
{
	archiveVersion = 1;
	classes = {
	};
	objectVersion = 50;
	objects = {

/* Begin PBXBuildFile section */
		573D239602A55B9236054EFB /* Pods_smackApp.framework in Frameworks */ = {isa = PBXBuildFile; fileRef = 3351372203C9245C40B8C67E /* Pods_smackApp.framework */; };
		690F4092232E72DA00107379 /* AppDelegate.swift in Sources */ = {isa = PBXBuildFile; fileRef = 690F4091232E72DA00107379 /* AppDelegate.swift */; };
		690F4097232E72DA00107379 /* Main.storyboard in Resources */ = {isa = PBXBuildFile; fileRef = 690F4095232E72DA00107379 /* Main.storyboard */; };
		690F4099232E72DC00107379 /* Assets.xcassets in Resources */ = {isa = PBXBuildFile; fileRef = 690F4098232E72DC00107379 /* Assets.xcassets */; };
		690F409C232E72DC00107379 /* LaunchScreen.storyboard in Resources */ = {isa = PBXBuildFile; fileRef = 690F409A232E72DC00107379 /* LaunchScreen.storyboard */; };
		690F40A7232E74D600107379 /* SWRevealViewController.m in Sources */ = {isa = PBXBuildFile; fileRef = 690F40A6232E74D600107379 /* SWRevealViewController.m */; };
		690F40AC232E795900107379 /* ChatVC.swift in Sources */ = {isa = PBXBuildFile; fileRef = 690F40AB232E795900107379 /* ChatVC.swift */; };
		690F40AE232E796900107379 /* ChannelVC.swift in Sources */ = {isa = PBXBuildFile; fileRef = 690F40AD232E796900107379 /* ChannelVC.swift */; };
		690F40B2232E90A400107379 /* GradientView.swift in Sources */ = {isa = PBXBuildFile; fileRef = 690F40B1232E90A400107379 /* GradientView.swift */; };
		690F40B7232EC07B00107379 /* Constants.swift in Sources */ = {isa = PBXBuildFile; fileRef = 690F40B6232EC07B00107379 /* Constants.swift */; };
		690F40B9232EC7D200107379 /* LoginVC.swift in Sources */ = {isa = PBXBuildFile; fileRef = 690F40B8232EC7D200107379 /* LoginVC.swift */; };
		69F879CE233242BA009FE99E /* CreateAccVC.swift in Sources */ = {isa = PBXBuildFile; fileRef = 69F879CD233242BA009FE99E /* CreateAccVC.swift */; };
/* End PBXBuildFile section */

/* Begin PBXFileReference section */
		3351372203C9245C40B8C67E /* Pods_smackApp.framework */ = {isa = PBXFileReference; explicitFileType = wrapper.framework; includeInIndex = 0; path = Pods_smackApp.framework; sourceTree = BUILT_PRODUCTS_DIR; };
		5B742090AAEEDFD7F11F1862 /* Pods-smackApp.release.xcconfig */ = {isa = PBXFileReference; includeInIndex = 1; lastKnownFileType = text.xcconfig; name = "Pods-smackApp.release.xcconfig"; path = "Pods/Target Support Files/Pods-smackApp/Pods-smackApp.release.xcconfig"; sourceTree = "<group>"; };
		63D88F874146B5D77A396D9C /* Pods-smackApp.debug.xcconfig */ = {isa = PBXFileReference; includeInIndex = 1; lastKnownFileType = text.xcconfig; name = "Pods-smackApp.debug.xcconfig"; path = "Pods/Target Support Files/Pods-smackApp/Pods-smackApp.debug.xcconfig"; sourceTree = "<group>"; };
		690F408E232E72DA00107379 /* smackApp.app */ = {isa = PBXFileReference; explicitFileType = wrapper.application; includeInIndex = 0; path = smackApp.app; sourceTree = BUILT_PRODUCTS_DIR; };
		690F4091232E72DA00107379 /* AppDelegate.swift */ = {isa = PBXFileReference; lastKnownFileType = sourcecode.swift; path = AppDelegate.swift; sourceTree = "<group>"; };
		690F4096232E72DA00107379 /* Base */ = {isa = PBXFileReference; lastKnownFileType = file.storyboard; name = Base; path = Base.lproj/Main.storyboard; sourceTree = "<group>"; };
		690F4098232E72DC00107379 /* Assets.xcassets */ = {isa = PBXFileReference; lastKnownFileType = folder.assetcatalog; path = Assets.xcassets; sourceTree = "<group>"; };
		690F409B232E72DC00107379 /* Base */ = {isa = PBXFileReference; lastKnownFileType = file.storyboard; name = Base; path = Base.lproj/LaunchScreen.storyboard; sourceTree = "<group>"; };
		690F409D232E72DC00107379 /* Info.plist */ = {isa = PBXFileReference; lastKnownFileType = text.plist.xml; path = Info.plist; sourceTree = "<group>"; };
		690F40A4232E74D500107379 /* smackApp-Bridging-Header.h */ = {isa = PBXFileReference; lastKnownFileType = sourcecode.c.h; path = "smackApp-Bridging-Header.h"; sourceTree = "<group>"; };
		690F40A5232E74D600107379 /* SWRevealViewController.h */ = {isa = PBXFileReference; fileEncoding = 4; lastKnownFileType = sourcecode.c.h; path = SWRevealViewController.h; sourceTree = "<group>"; };
		690F40A6232E74D600107379 /* SWRevealViewController.m */ = {isa = PBXFileReference; fileEncoding = 4; lastKnownFileType = sourcecode.c.objc; path = SWRevealViewController.m; sourceTree = "<group>"; };
		690F40AB232E795900107379 /* ChatVC.swift */ = {isa = PBXFileReference; lastKnownFileType = sourcecode.swift; path = ChatVC.swift; sourceTree = "<group>"; };
		690F40AD232E796900107379 /* ChannelVC.swift */ = {isa = PBXFileReference; lastKnownFileType = sourcecode.swift; path = ChannelVC.swift; sourceTree = "<group>"; };
		690F40B1232E90A400107379 /* GradientView.swift */ = {isa = PBXFileReference; lastKnownFileType = sourcecode.swift; path = GradientView.swift; sourceTree = "<group>"; };
		690F40B6232EC07B00107379 /* Constants.swift */ = {isa = PBXFileReference; lastKnownFileType = sourcecode.swift; path = Constants.swift; sourceTree = "<group>"; };
		690F40B8232EC7D200107379 /* LoginVC.swift */ = {isa = PBXFileReference; lastKnownFileType = sourcecode.swift; path = LoginVC.swift; sourceTree = "<group>"; };
		69F879CD233242BA009FE99E /* CreateAccVC.swift */ = {isa = PBXFileReference; lastKnownFileType = sourcecode.swift; path = CreateAccVC.swift; sourceTree = "<group>"; };
/* End PBXFileReference section */

/* Begin PBXFrameworksBuildPhase section */
		690F408B232E72DA00107379 /* Frameworks */ = {
			isa = PBXFrameworksBuildPhase;
			buildActionMask = 2147483647;
			files = (
				573D239602A55B9236054EFB /* Pods_smackApp.framework in Frameworks */,
			);
			runOnlyForDeploymentPostprocessing = 0;
		};
/* End PBXFrameworksBuildPhase section */

/* Begin PBXGroup section */
		690F4085232E72DA00107379 = {
			isa = PBXGroup;
			children = (
				690F4090232E72DA00107379 /* smackApp */,
				690F408F232E72DA00107379 /* Products */,
				E6830BD8545ECFEE8C0EB527 /* Pods */,
				92026ADDC0187539CA17CB61 /* Frameworks */,
			);
			sourceTree = "<group>";
		};
		690F408F232E72DA00107379 /* Products */ = {
			isa = PBXGroup;
			children = (
				690F408E232E72DA00107379 /* smackApp.app */,
			);
			name = Products;
			sourceTree = "<group>";
		};
		690F4090232E72DA00107379 /* smackApp */ = {
			isa = PBXGroup;
			children = (
				690F40B5232EC05A00107379 /* Utilities */,
				690F40A9232E790000107379 /* Model */,
				690F40AA232E790500107379 /* View */,
				690F40A8232E78F900107379 /* Controller */,
				690F40A3232E74BF00107379 /* Supporting Files */,
				690F4091232E72DA00107379 /* AppDelegate.swift */,
				690F4095232E72DA00107379 /* Main.storyboard */,
				690F4098232E72DC00107379 /* Assets.xcassets */,
				690F409A232E72DC00107379 /* LaunchScreen.storyboard */,
				690F409D232E72DC00107379 /* Info.plist */,
			);
			path = smackApp;
			sourceTree = "<group>";
		};
		690F40A3232E74BF00107379 /* Supporting Files */ = {
			isa = PBXGroup;
			children = (
				690F40A5232E74D600107379 /* SWRevealViewController.h */,
				690F40A6232E74D600107379 /* SWRevealViewController.m */,
				690F40A4232E74D500107379 /* smackApp-Bridging-Header.h */,
			);
			name = "Supporting Files";
			path = "../Supporting Files";
			sourceTree = "<group>";
		};
		690F40A8232E78F900107379 /* Controller */ = {
			isa = PBXGroup;
			children = (
				690F40AB232E795900107379 /* ChatVC.swift */,
				690F40AD232E796900107379 /* ChannelVC.swift */,
				690F40B8232EC7D200107379 /* LoginVC.swift */,
				69F879CD233242BA009FE99E /* CreateAccVC.swift */,
			);
			name = Controller;
			path = ../Controller;
			sourceTree = "<group>";
		};
		690F40A9232E790000107379 /* Model */ = {
			isa = PBXGroup;
			children = (
			);
			name = Model;
			path = ../Model;
			sourceTree = "<group>";
		};
		690F40AA232E790500107379 /* View */ = {
			isa = PBXGroup;
			children = (
				690F40B1232E90A400107379 /* GradientView.swift */,
			);
			name = View;
			path = ../View;
			sourceTree = "<group>";
		};
		690F40B5232EC05A00107379 /* Utilities */ = {
			isa = PBXGroup;
			children = (
				690F40B6232EC07B00107379 /* Constants.swift */,
			);
			name = Utilities;
			path = ../Utilities;
			sourceTree = "<group>";
		};
		92026ADDC0187539CA17CB61 /* Frameworks */ = {
			isa = PBXGroup;
			children = (
				3351372203C9245C40B8C67E /* Pods_smackApp.framework */,
			);
			name = Frameworks;
			sourceTree = "<group>";
		};
		E6830BD8545ECFEE8C0EB527 /* Pods */ = {
			isa = PBXGroup;
			children = (
				63D88F874146B5D77A396D9C /* Pods-smackApp.debug.xcconfig */,
				5B742090AAEEDFD7F11F1862 /* Pods-smackApp.release.xcconfig */,
			);
			name = Pods;
			sourceTree = "<group>";
		};
/* End PBXGroup section */

/* Begin PBXNativeTarget section */
		690F408D232E72DA00107379 /* smackApp */ = {
			isa = PBXNativeTarget;
			buildConfigurationList = 690F40A0232E72DC00107379 /* Build configuration list for PBXNativeTarget "smackApp" */;
			buildPhases = (
				5A41723661C4A96C4CA95972 /* [CP] Check Pods Manifest.lock */,
				690F408A232E72DA00107379 /* Sources */,
				690F408B232E72DA00107379 /* Frameworks */,
				690F408C232E72DA00107379 /* Resources */,
				480E74A9C7B5FD1E1968DD29 /* [CP] Embed Pods Frameworks */,
			);
			buildRules = (
			);
			dependencies = (
			);
			name = smackApp;
			productName = smackApp;
			productReference = 690F408E232E72DA00107379 /* smackApp.app */;
			productType = "com.apple.product-type.application";
		};
/* End PBXNativeTarget section */

/* Begin PBXProject section */
		690F4086232E72DA00107379 /* Project object */ = {
			isa = PBXProject;
			attributes = {
				LastSwiftUpdateCheck = 1030;
				LastUpgradeCheck = 1030;
				ORGANIZATIONNAME = "Ömer Çırak";
				TargetAttributes = {
					690F408D232E72DA00107379 = {
						CreatedOnToolsVersion = 10.3;
						LastSwiftMigration = 1030;
					};
				};
			};
			buildConfigurationList = 690F4089232E72DA00107379 /* Build configuration list for PBXProject "smackApp" */;
			compatibilityVersion = "Xcode 9.3";
			developmentRegion = en;
			hasScannedForEncodings = 0;
			knownRegions = (
				en,
				Base,
			);
			mainGroup = 690F4085232E72DA00107379;
			productRefGroup = 690F408F232E72DA00107379 /* Products */;
			projectDirPath = "";
			projectRoot = "";
			targets = (
				690F408D232E72DA00107379 /* smackApp */,
			);
		};
/* End PBXProject section */

/* Begin PBXResourcesBuildPhase section */
		690F408C232E72DA00107379 /* Resources */ = {
			isa = PBXResourcesBuildPhase;
			buildActionMask = 2147483647;
			files = (
				690F409C232E72DC00107379 /* LaunchScreen.storyboard in Resources */,
				690F4099232E72DC00107379 /* Assets.xcassets in Resources */,
				690F4097232E72DA00107379 /* Main.storyboard in Resources */,
			);
			runOnlyForDeploymentPostprocessing = 0;
		};
/* End PBXResourcesBuildPhase section */

/* Begin PBXShellScriptBuildPhase section */
		480E74A9C7B5FD1E1968DD29 /* [CP] Embed Pods Frameworks */ = {
			isa = PBXShellScriptBuildPhase;
			buildActionMask = 2147483647;
			files = (
			);
			inputPaths = (
				"${SRCROOT}/Pods/Target Support Files/Pods-smackApp/Pods-smackApp-frameworks.sh",
				"${BUILT_PRODUCTS_DIR}/Alamofire/Alamofire.framework",
				"${BUILT_PRODUCTS_DIR}/SwiftyJSON/SwiftyJSON.framework",
			);
			name = "[CP] Embed Pods Frameworks";
			outputPaths = (
				"${TARGET_BUILD_DIR}/${FRAMEWORKS_FOLDER_PATH}/Alamofire.framework",
				"${TARGET_BUILD_DIR}/${FRAMEWORKS_FOLDER_PATH}/SwiftyJSON.framework",
			);
			runOnlyForDeploymentPostprocessing = 0;
			shellPath = /bin/sh;
			shellScript = "\"${SRCROOT}/Pods/Target Support Files/Pods-smackApp/Pods-smackApp-frameworks.sh\"\n";
			showEnvVarsInLog = 0;
		};
		5A41723661C4A96C4CA95972 /* [CP] Check Pods Manifest.lock */ = {
			isa = PBXShellScriptBuildPhase;
			buildActionMask = 2147483647;
			files = (
			);
			inputPaths = (
				"${PODS_PODFILE_DIR_PATH}/Podfile.lock",
				"${PODS_ROOT}/Manifest.lock",
			);
			name = "[CP] Check Pods Manifest.lock";
			outputPaths = (
				"$(DERIVED_FILE_DIR)/Pods-smackApp-checkManifestLockResult.txt",
			);
			runOnlyForDeploymentPostprocessing = 0;
			shellPath = /bin/sh;
			shellScript = "diff \"${PODS_PODFILE_DIR_PATH}/Podfile.lock\" \"${PODS_ROOT}/Manifest.lock\" > /dev/null\nif [ $? != 0 ] ; then\n    # print error to STDERR\n    echo \"error: The sandbox is not in sync with the Podfile.lock. Run 'pod install' or update your CocoaPods installation.\" >&2\n    exit 1\nfi\n# This output is used by Xcode 'outputs' to avoid re-running this script phase.\necho \"SUCCESS\" > \"${SCRIPT_OUTPUT_FILE_0}\"\n";
			showEnvVarsInLog = 0;
		};
/* End PBXShellScriptBuildPhase section */

/* Begin PBXSourcesBuildPhase section */
		690F408A232E72DA00107379 /* Sources */ = {
			isa = PBXSourcesBuildPhase;
			buildActionMask = 2147483647;
			files = (
				69F879CE233242BA009FE99E /* CreateAccVC.swift in Sources */,
				690F40B7232EC07B00107379 /* Constants.swift in Sources */,
				690F40AE232E796900107379 /* ChannelVC.swift in Sources */,
				690F40B9232EC7D200107379 /* LoginVC.swift in Sources */,
				690F40AC232E795900107379 /* ChatVC.swift in Sources */,
				690F40B2232E90A400107379 /* GradientView.swift in Sources */,
				690F4092232E72DA00107379 /* AppDelegate.swift in Sources */,
				690F40A7232E74D600107379 /* SWRevealViewController.m in Sources */,
			);
			runOnlyForDeploymentPostprocessing = 0;
		};
/* End PBXSourcesBuildPhase section */

/* Begin PBXVariantGroup section */
		690F4095232E72DA00107379 /* Main.storyboard */ = {
			isa = PBXVariantGroup;
			children = (
				690F4096232E72DA00107379 /* Base */,
			);
			name = Main.storyboard;
			sourceTree = "<group>";
		};
		690F409A232E72DC00107379 /* LaunchScreen.storyboard */ = {
			isa = PBXVariantGroup;
			children = (
				690F409B232E72DC00107379 /* Base */,
			);
			name = LaunchScreen.storyboard;
			sourceTree = "<group>";
		};
/* End PBXVariantGroup section */

/* Begin XCBuildConfiguration section */
		690F409E232E72DC00107379 /* Debug */ = {
			isa = XCBuildConfiguration;
			buildSettings = {
				ALWAYS_SEARCH_USER_PATHS = NO;
				CLANG_ANALYZER_NONNULL = YES;
				CLANG_ANALYZER_NUMBER_OBJECT_CONVERSION = YES_AGGRESSIVE;
				CLANG_CXX_LANGUAGE_STANDARD = "gnu++14";
				CLANG_CXX_LIBRARY = "libc++";
				CLANG_ENABLE_MODULES = YES;
				CLANG_ENABLE_OBJC_ARC = YES;
				CLANG_ENABLE_OBJC_WEAK = YES;
				CLANG_WARN_BLOCK_CAPTURE_AUTORELEASING = YES;
				CLANG_WARN_BOOL_CONVERSION = YES;
				CLANG_WARN_COMMA = YES;
				CLANG_WARN_CONSTANT_CONVERSION = YES;
				CLANG_WARN_DEPRECATED_OBJC_IMPLEMENTATIONS = YES;
				CLANG_WARN_DIRECT_OBJC_ISA_USAGE = YES_ERROR;
				CLANG_WARN_DOCUMENTATION_COMMENTS = YES;
				CLANG_WARN_EMPTY_BODY = YES;
				CLANG_WARN_ENUM_CONVERSION = YES;
				CLANG_WARN_INFINITE_RECURSION = YES;
				CLANG_WARN_INT_CONVERSION = YES;
				CLANG_WARN_NON_LITERAL_NULL_CONVERSION = YES;
				CLANG_WARN_OBJC_IMPLICIT_RETAIN_SELF = YES;
				CLANG_WARN_OBJC_LITERAL_CONVERSION = YES;
				CLANG_WARN_OBJC_ROOT_CLASS = YES_ERROR;
				CLANG_WARN_RANGE_LOOP_ANALYSIS = YES;
				CLANG_WARN_STRICT_PROTOTYPES = YES;
				CLANG_WARN_SUSPICIOUS_MOVE = YES;
				CLANG_WARN_UNGUARDED_AVAILABILITY = YES_AGGRESSIVE;
				CLANG_WARN_UNREACHABLE_CODE = YES;
				CLANG_WARN__DUPLICATE_METHOD_MATCH = YES;
				CODE_SIGN_IDENTITY = "iPhone Developer";
				COPY_PHASE_STRIP = NO;
				DEBUG_INFORMATION_FORMAT = dwarf;
				ENABLE_STRICT_OBJC_MSGSEND = YES;
				ENABLE_TESTABILITY = YES;
				GCC_C_LANGUAGE_STANDARD = gnu11;
				GCC_DYNAMIC_NO_PIC = NO;
				GCC_NO_COMMON_BLOCKS = YES;
				GCC_OPTIMIZATION_LEVEL = 0;
				GCC_PREPROCESSOR_DEFINITIONS = (
					"DEBUG=1",
					"$(inherited)",
				);
				GCC_WARN_64_TO_32_BIT_CONVERSION = YES;
				GCC_WARN_ABOUT_RETURN_TYPE = YES_ERROR;
				GCC_WARN_UNDECLARED_SELECTOR = YES;
				GCC_WARN_UNINITIALIZED_AUTOS = YES_AGGRESSIVE;
				GCC_WARN_UNUSED_FUNCTION = YES;
				GCC_WARN_UNUSED_VARIABLE = YES;
				IPHONEOS_DEPLOYMENT_TARGET = 12.4;
				MTL_ENABLE_DEBUG_INFO = INCLUDE_SOURCE;
				MTL_FAST_MATH = YES;
				ONLY_ACTIVE_ARCH = YES;
				SDKROOT = iphoneos;
				SWIFT_ACTIVE_COMPILATION_CONDITIONS = DEBUG;
				SWIFT_OPTIMIZATION_LEVEL = "-Onone";
			};
			name = Debug;
		};
		690F409F232E72DC00107379 /* Release */ = {
			isa = XCBuildConfiguration;
			buildSettings = {
				ALWAYS_SEARCH_USER_PATHS = NO;
				CLANG_ANALYZER_NONNULL = YES;
				CLANG_ANALYZER_NUMBER_OBJECT_CONVERSION = YES_AGGRESSIVE;
				CLANG_CXX_LANGUAGE_STANDARD = "gnu++14";
				CLANG_CXX_LIBRARY = "libc++";
				CLANG_ENABLE_MODULES = YES;
				CLANG_ENABLE_OBJC_ARC = YES;
				CLANG_ENABLE_OBJC_WEAK = YES;
				CLANG_WARN_BLOCK_CAPTURE_AUTORELEASING = YES;
				CLANG_WARN_BOOL_CONVERSION = YES;
				CLANG_WARN_COMMA = YES;
				CLANG_WARN_CONSTANT_CONVERSION = YES;
				CLANG_WARN_DEPRECATED_OBJC_IMPLEMENTATIONS = YES;
				CLANG_WARN_DIRECT_OBJC_ISA_USAGE = YES_ERROR;
				CLANG_WARN_DOCUMENTATION_COMMENTS = YES;
				CLANG_WARN_EMPTY_BODY = YES;
				CLANG_WARN_ENUM_CONVERSION = YES;
				CLANG_WARN_INFINITE_RECURSION = YES;
				CLANG_WARN_INT_CONVERSION = YES;
				CLANG_WARN_NON_LITERAL_NULL_CONVERSION = YES;
				CLANG_WARN_OBJC_IMPLICIT_RETAIN_SELF = YES;
				CLANG_WARN_OBJC_LITERAL_CONVERSION = YES;
				CLANG_WARN_OBJC_ROOT_CLASS = YES_ERROR;
				CLANG_WARN_RANGE_LOOP_ANALYSIS = YES;
				CLANG_WARN_STRICT_PROTOTYPES = YES;
				CLANG_WARN_SUSPICIOUS_MOVE = YES;
				CLANG_WARN_UNGUARDED_AVAILABILITY = YES_AGGRESSIVE;
				CLANG_WARN_UNREACHABLE_CODE = YES;
				CLANG_WARN__DUPLICATE_METHOD_MATCH = YES;
				CODE_SIGN_IDENTITY = "iPhone Developer";
				COPY_PHASE_STRIP = NO;
				DEBUG_INFORMATION_FORMAT = "dwarf-with-dsym";
				ENABLE_NS_ASSERTIONS = NO;
				ENABLE_STRICT_OBJC_MSGSEND = YES;
				GCC_C_LANGUAGE_STANDARD = gnu11;
				GCC_NO_COMMON_BLOCKS = YES;
				GCC_WARN_64_TO_32_BIT_CONVERSION = YES;
				GCC_WARN_ABOUT_RETURN_TYPE = YES_ERROR;
				GCC_WARN_UNDECLARED_SELECTOR = YES;
				GCC_WARN_UNINITIALIZED_AUTOS = YES_AGGRESSIVE;
				GCC_WARN_UNUSED_FUNCTION = YES;
				GCC_WARN_UNUSED_VARIABLE = YES;
				IPHONEOS_DEPLOYMENT_TARGET = 12.4;
				MTL_ENABLE_DEBUG_INFO = NO;
				MTL_FAST_MATH = YES;
				SDKROOT = iphoneos;
				SWIFT_COMPILATION_MODE = wholemodule;
				SWIFT_OPTIMIZATION_LEVEL = "-O";
				VALIDATE_PRODUCT = YES;
			};
			name = Release;
		};
		690F40A1232E72DC00107379 /* Debug */ = {
			isa = XCBuildConfiguration;
			baseConfigurationReference = 63D88F874146B5D77A396D9C /* Pods-smackApp.debug.xcconfig */;
			buildSettings = {
				ASSETCATALOG_COMPILER_APPICON_NAME = AppIcon;
				CLANG_ENABLE_MODULES = YES;
				CODE_SIGN_STYLE = Automatic;
				DEVELOPMENT_TEAM = 3W7FC63TXQ;
				INFOPLIST_FILE = smackApp/Info.plist;
				LD_RUNPATH_SEARCH_PATHS = (
					"$(inherited)",
					"@executable_path/Frameworks",
				);
				PRODUCT_BUNDLE_IDENTIFIER = com.ocirak.sample.smackApp;
				PRODUCT_NAME = "$(TARGET_NAME)";
				SWIFT_OBJC_BRIDGING_HEADER = "Supporting Files/smackApp-Bridging-Header.h";
				SWIFT_OPTIMIZATION_LEVEL = "-Onone";
				SWIFT_VERSION = 5.0;
				TARGETED_DEVICE_FAMILY = "1,2";
			};
			name = Debug;
		};
		690F40A2232E72DC00107379 /* Release */ = {
			isa = XCBuildConfiguration;
			baseConfigurationReference = 5B742090AAEEDFD7F11F1862 /* Pods-smackApp.release.xcconfig */;
			buildSettings = {
				ASSETCATALOG_COMPILER_APPICON_NAME = AppIcon;
				CLANG_ENABLE_MODULES = YES;
				CODE_SIGN_STYLE = Automatic;
				DEVELOPMENT_TEAM = 3W7FC63TXQ;
				INFOPLIST_FILE = smackApp/Info.plist;
				LD_RUNPATH_SEARCH_PATHS = (
					"$(inherited)",
					"@executable_path/Frameworks",
				);
				PRODUCT_BUNDLE_IDENTIFIER = com.ocirak.sample.smackApp;
				PRODUCT_NAME = "$(TARGET_NAME)";
				SWIFT_OBJC_BRIDGING_HEADER = "Supporting Files/smackApp-Bridging-Header.h";
				SWIFT_VERSION = 5.0;
				TARGETED_DEVICE_FAMILY = "1,2";
			};
			name = Release;
		};
/* End XCBuildConfiguration section */

/* Begin XCConfigurationList section */
		690F4089232E72DA00107379 /* Build configuration list for PBXProject "smackApp" */ = {
			isa = XCConfigurationList;
			buildConfigurations = (
				690F409E232E72DC00107379 /* Debug */,
				690F409F232E72DC00107379 /* Release */,
			);
			defaultConfigurationIsVisible = 0;
			defaultConfigurationName = Release;
		};
		690F40A0232E72DC00107379 /* Build configuration list for PBXNativeTarget "smackApp" */ = {
			isa = XCConfigurationList;
			buildConfigurations = (
				690F40A1232E72DC00107379 /* Debug */,
				690F40A2232E72DC00107379 /* Release */,
			);
			defaultConfigurationIsVisible = 0;
			defaultConfigurationName = Release;
		};
/* End XCConfigurationList section */
	};
	rootObject = 690F4086232E72DA00107379 /* Project object */;
}
